
Microsoft Visual Studio Solution File, Format Version 12.00
# Visual Studio Version 17
VisualStudioVersion = 17.8.34525.116
MinimumVisualStudioVersion = 10.0.40219.1
Project("{FAE04EC0-301F-11D3-BF4B-00C04F79EFBC}") = "PipelineMVC", "PipelineMVC\PipelineMVC.csproj", "{9216C2C5-3C31-45AB-9D87-55F94CAD4A52}"
EndProject
Global
	GlobalSection(SolutionConfigurationPlatforms) = preSolution
		Debug|Any CPU = Debug|Any CPU
		Release|Any CPU = Release|Any CPU
	EndGlobalSection
	GlobalSection(ProjectConfigurationPlatforms) = postSolution
		{9216C2C5-3C31-45AB-9D87-55F94CAD4A52}.Debug|Any CPU.ActiveCfg = Debug|Any CPU
		{9216C2C5-3C31-45AB-9D87-55F94CAD4A52}.Debug|Any CPU.Build.0 = Debug|Any CPU
		{9216C2C5-3C31-45AB-9D87-55F94CAD4A52}.Release|Any CPU.ActiveCfg = Release|Any CPU
		{9216C2C5-3C31-45AB-9D87-55F94CAD4A52}.Release|Any CPU.Build.0 = Release|Any CPU
	EndGlobalSection
	GlobalSection(SolutionProperties) = preSolution
		HideSolutionNode = FALSE
	EndGlobalSection
	GlobalSection(ExtensibilityGlobals) = postSolution
		SolutionGuid = {8010C3EC-ECFF-4B99-BE94-3B6761FF31AA}
	EndGlobalSection
EndGlobal
